
Microsoft Visual Studio Solution File, Format Version 12.00
# Visual Studio Version 17
VisualStudioVersion = 17.14.36811.4
MinimumVisualStudioVersion = 10.0.40219.1
Project("{FAE04EC0-301F-11D3-BF4B-00C04F79EFBC}") = "PCConfigurator.UI", "PCConfigurator.UI\PCConfigurator.UI.csproj", "{A1B2C3D4-E5F6-7890-ABCD-EF1234567890}"
EndProject
Project("{2150E333-8FDC-42A3-9474-1A3956D46DE8}") = "Элементы решения", "Элементы решения", "{754FC069-D67B-A9D7-50A1-8D1CA196D8F1}"
	ProjectSection(SolutionItems) = preProject
		Scripts\seed_data.sql = Scripts\seed_data.sql
		БД.sql = БД.sql
		Диаграмма Мартина Герцик.drawio = Диаграмма Мартина Герцик.drawio
		Диаграмма Чена Герцик.vsdx = Диаграмма Чена Герцик.vsdx
		..\..\..\Documents\Курсовой РПМ\КП ПЗ Герцик.docx = ..\..\..\Documents\Курсовой РПМ\КП ПЗ Герцик.docx
	EndProjectSection
EndProject
Project("{FAE04EC0-301F-11D3-BF4B-00C04F79EFBC}") = "PCConfigurator.Tests", "PCConfigurator.Tests\PCConfigurator.Tests.csproj", "{8451FFE8-B6FD-47D2-9639-6FF703F14398}"
EndProject
Global
	GlobalSection(SolutionConfigurationPlatforms) = preSolution
		Debug|Any CPU = Debug|Any CPU
		Release|Any CPU = Release|Any CPU
	EndGlobalSection
	GlobalSection(ProjectConfigurationPlatforms) = postSolution
		{A1B2C3D4-E5F6-7890-ABCD-EF1234567890}.Debug|Any CPU.ActiveCfg = Debug|Any CPU
		{A1B2C3D4-E5F6-7890-ABCD-EF1234567890}.Debug|Any CPU.Build.0 = Debug|Any CPU
		{A1B2C3D4-E5F6-7890-ABCD-EF1234567890}.Release|Any CPU.ActiveCfg = Release|Any CPU
		{A1B2C3D4-E5F6-7890-ABCD-EF1234567890}.Release|Any CPU.Build.0 = Release|Any CPU
		{8451FFE8-B6FD-47D2-9639-6FF703F14398}.Debug|Any CPU.ActiveCfg = Debug|Any CPU
		{8451FFE8-B6FD-47D2-9639-6FF703F14398}.Debug|Any CPU.Build.0 = Debug|Any CPU
		{8451FFE8-B6FD-47D2-9639-6FF703F14398}.Release|Any CPU.ActiveCfg = Release|Any CPU
		{8451FFE8-B6FD-47D2-9639-6FF703F14398}.Release|Any CPU.Build.0 = Release|Any CPU
	EndGlobalSection
	GlobalSection(SolutionProperties) = preSolution
		HideSolutionNode = FALSE
	EndGlobalSection
	GlobalSection(ExtensibilityGlobals) = postSolution
		SolutionGuid = {E36D0374-7333-4F42-A017-71C409DC604C}
	EndGlobalSection
EndGlobal
