
Microsoft Visual Studio Solution File, Format Version 12.00
# Visual Studio Version 17
VisualStudioVersion = 17.14.36811.4 d17.14
MinimumVisualStudioVersion = 10.0.40219.1
Project("{FAE04EC0-301F-11D3-BF4B-00C04F79EFBC}") = "Курсовой Конфигуратор ПК", "Курсовой Конфигуратор ПК.csproj", "{24290176-E034-471D-A9A3-225010F14928}"
EndProject
Global
	GlobalSection(SolutionConfigurationPlatforms) = preSolution
		Debug|Any CPU = Debug|Any CPU
		Release|Any CPU = Release|Any CPU
	EndGlobalSection
	GlobalSection(ProjectConfigurationPlatforms) = postSolution
		{24290176-E034-471D-A9A3-225010F14928}.Debug|Any CPU.ActiveCfg = Debug|Any CPU
		{24290176-E034-471D-A9A3-225010F14928}.Debug|Any CPU.Build.0 = Debug|Any CPU
		{24290176-E034-471D-A9A3-225010F14928}.Release|Any CPU.ActiveCfg = Release|Any CPU
		{24290176-E034-471D-A9A3-225010F14928}.Release|Any CPU.Build.0 = Release|Any CPU
	EndGlobalSection
	GlobalSection(SolutionProperties) = preSolution
		HideSolutionNode = FALSE
	EndGlobalSection
	GlobalSection(ExtensibilityGlobals) = postSolution
		SolutionGuid = {E36D0374-7333-4F42-A017-71C409DC604C}
	EndGlobalSection
EndGlobal
